
Microsoft Visual Studio Solution File, Format Version 12.00
# Visual Studio Version 16
VisualStudioVersion = 16.0.30413.136
MinimumVisualStudioVersion = 10.0.40219.1
Project("{FAE04EC0-301F-11D3-BF4B-00C04F79EFBC}") = "Q+", "Q+\Q+.csproj", "{C5DE34F6-72E5-4CE3-9862-A50C53E3C7FD}"
EndProject
Global
	GlobalSection(SolutionConfigurationPlatforms) = preSolution
		Debug|Any CPU = Debug|Any CPU
		Release|Any CPU = Release|Any CPU
	EndGlobalSection
	GlobalSection(ProjectConfigurationPlatforms) = postSolution
		{C5DE34F6-72E5-4CE3-9862-A50C53E3C7FD}.Debug|Any CPU.ActiveCfg = Debug|Any CPU
		{C5DE34F6-72E5-4CE3-9862-A50C53E3C7FD}.Debug|Any CPU.Build.0 = Debug|Any CPU
		{C5DE34F6-72E5-4CE3-9862-A50C53E3C7FD}.Release|Any CPU.ActiveCfg = Release|Any CPU
		{C5DE34F6-72E5-4CE3-9862-A50C53E3C7FD}.Release|Any CPU.Build.0 = Release|Any CPU
	EndGlobalSection
	GlobalSection(SolutionProperties) = preSolution
		HideSolutionNode = FALSE
	EndGlobalSection
	GlobalSection(ExtensibilityGlobals) = postSolution
		SolutionGuid = {A69F6B7D-572D-49E3-A5DF-601FE09198E8}
	EndGlobalSection
EndGlobal
